
Microsoft Visual Studio Solution File, Format Version 12.00
# Visual Studio Version 17
VisualStudioVersion = 17.14.36301.6 d17.14
MinimumVisualStudioVersion = 10.0.40219.1
Project("{FAE04EC0-301F-11D3-BF4B-00C04F79EFBC}") = "TodoListApp", "TodoListApp\TodoListApp.csproj", "{F03532DE-CF2D-4433-8784-58306578E42D}"
EndProject
Global
	GlobalSection(SolutionConfigurationPlatforms) = preSolution
		Debug|Any CPU = Debug|Any CPU
		Release|Any CPU = Release|Any CPU
	EndGlobalSection
	GlobalSection(ProjectConfigurationPlatforms) = postSolution
		{F03532DE-CF2D-4433-8784-58306578E42D}.Debug|Any CPU.ActiveCfg = Debug|Any CPU
		{F03532DE-CF2D-4433-8784-58306578E42D}.Debug|Any CPU.Build.0 = Debug|Any CPU
		{F03532DE-CF2D-4433-8784-58306578E42D}.Release|Any CPU.ActiveCfg = Release|Any CPU
		{F03532DE-CF2D-4433-8784-58306578E42D}.Release|Any CPU.Build.0 = Release|Any CPU
	EndGlobalSection
	GlobalSection(SolutionProperties) = preSolution
		HideSolutionNode = FALSE
	EndGlobalSection
	GlobalSection(ExtensibilityGlobals) = postSolution
		SolutionGuid = {A6CDBFEA-13DD-4867-80C7-76BB36683D3C}
	EndGlobalSection
EndGlobal
